<?xml version="1.0" encoding="utf-8"?>
<Project ToolsVersion="4.0" xmlns="http://schemas.microsoft.com/developer/msbuild/2003">
  <ItemGroup>
    <Filter Include="ソース ファイル">
      <UniqueIdentifier>{4FC737F1-C7A5-4376-A066-2A32D752A2FF}</UniqueIdentifier>
      <Extensions>cpp;c;cc;cxx;def;odl;idl;hpj;bat;asm;asmx</Extensions>
    </Filter>
    <Filter Include="ヘッダー ファイル">
      <UniqueIdentifier>{93995380-89BD-4b04-88EB-625FBE52EBFB}</UniqueIdentifier>
      <Extensions>h;hh;hpp;hxx;hm;inl;inc;xsd</Extensions>
    </Filter>
    <Filter Include="リソース ファイル">
      <UniqueIdentifier>{67DA6AB6-F800-4c08-8B7A-83BB121AAD01}</UniqueIdentifier>
      <Extensions>rc;ico;cur;bmp;dlg;rc2;rct;bin;rgs;gif;jpg;jpeg;jpe;resx;tiff;tif;png;wav;mfcribbon-ms</Extensions>
    </Filter>
    <Filter Include="リソース ファイル\shader">
      <UniqueIdentifier>{1b0b1348-074e-4a16-90b0-403e5f4217d2}</UniqueIdentifier>
    </Filter>
    <Filter Include="ヘッダー ファイル\input">
      <UniqueIdentifier>{fc21451e-852b-478f-9668-4feb3a568944}</UniqueIdentifier>
    </Filter>
    <Filter Include="ソース ファイル\input">
      <UniqueIdentifier>{a01bf173-ddbb-4832-b17d-406738ca5904}</UniqueIdentifier>
    </Filter>
    <Filter Include="ソース ファイル\scene">
      <UniqueIdentifier>{ff07bc0a-9a7c-4e0c-b3f1-6517a3d8d7de}</UniqueIdentifier>
    </Filter>
    <Filter Include="ヘッダー ファイル\scene">
      <UniqueIdentifier>{4827c7f4-7c9f-4f2b-bc53-32b31ebccee0}</UniqueIdentifier>
    </Filter>
    <Filter Include="ソース ファイル\manager">
      <UniqueIdentifier>{055d95e7-7c4a-4e49-abe3-9a6ace5d18ce}</UniqueIdentifier>
    </Filter>
    <Filter Include="ヘッダー ファイル\manager">
      <UniqueIdentifier>{96dbb44f-b7f7-4c3f-82f4-906923c7f43c}</UniqueIdentifier>
    </Filter>
    <Filter Include="ソース ファイル\Loader">
      <UniqueIdentifier>{22538996-c836-4354-b74c-3fd58b99cb47}</UniqueIdentifier>
    </Filter>
    <Filter Include="ヘッダー ファイル\Loader">
      <UniqueIdentifier>{d84ca812-1bee-401a-a4d5-cbcbea0c0d99}</UniqueIdentifier>
    </Filter>
    <Filter Include="ヘッダー ファイル\W">
      <UniqueIdentifier>{d7988e00-6c75-46df-9767-1cd3226a531c}</UniqueIdentifier>
    </Filter>
    <Filter Include="ソース ファイル\W">
      <UniqueIdentifier>{07e488be-5bba-4fbd-a2f0-b69e892b7808}</UniqueIdentifier>
    </Filter>
    <Filter Include="ソース ファイル\xa2">
      <UniqueIdentifier>{ebf368e2-aeb9-494b-bf1c-a46f066f6efb}</UniqueIdentifier>
    </Filter>
    <Filter Include="ヘッダー ファイル\xa2">
      <UniqueIdentifier>{0cd7baa1-02ff-406b-8dd3-99980ef5186e}</UniqueIdentifier>
    </Filter>
  </ItemGroup>
  <ItemGroup>
    <ClInclude Include="src\camera.h">
      <Filter>ヘッダー ファイル</Filter>
    </ClInclude>
    <ClInclude Include="src\Light.h">
      <Filter>ヘッダー ファイル</Filter>
    </ClInclude>
    <ClInclude Include="src\main.h">
      <Filter>ヘッダー ファイル</Filter>
    </ClInclude>
    <ClInclude Include="src\renderer.h">
      <Filter>ヘッダー ファイル</Filter>
    </ClInclude>
    <ClInclude Include="src\input.h">
      <Filter>ヘッダー ファイル\input</Filter>
    </ClInclude>
    <ClInclude Include="src\inputKeyboard.h">
      <Filter>ヘッダー ファイル\input</Filter>
    </ClInclude>
    <ClInclude Include="src\inputMouse.h">
      <Filter>ヘッダー ファイル\input</Filter>
    </ClInclude>
    <ClInclude Include="src\inputXInput.h">
      <Filter>ヘッダー ファイル\input</Filter>
    </ClInclude>
    <ClInclude Include="src\scene.h">
      <Filter>ヘッダー ファイル\scene</Filter>
    </ClInclude>
    <ClInclude Include="src\scene3D.h">
      <Filter>ヘッダー ファイル\scene</Filter>
    </ClInclude>
    <ClInclude Include="src\scene3DPoly.h">
      <Filter>ヘッダー ファイル\scene</Filter>
    </ClInclude>
    <ClInclude Include="src\sceneBox.h">
      <Filter>ヘッダー ファイル\scene</Filter>
    </ClInclude>
    <ClInclude Include="src\sceneXModel.h">
      <Filter>ヘッダー ファイル\scene</Filter>
    </ClInclude>
    <ClInclude Include="src\manager.h">
      <Filter>ヘッダー ファイル\manager</Filter>
    </ClInclude>
    <ClInclude Include="src\texManager.h">
      <Filter>ヘッダー ファイル\manager</Filter>
    </ClInclude>
    <ClInclude Include="src\modelManager.h">
      <Filter>ヘッダー ファイル\manager</Filter>
    </ClInclude>
    <ClInclude Include="src\mainController.h">
      <Filter>ヘッダー ファイル\manager</Filter>
    </ClInclude>
    <ClInclude Include="src\XModelLoader.h">
      <Filter>ヘッダー ファイル\Loader</Filter>
    </ClInclude>
    <ClInclude Include="src\Wmath.h">
      <Filter>ヘッダー ファイル\W</Filter>
    </ClInclude>
    <ClInclude Include="src\utility.h">
      <Filter>ヘッダー ファイル\W</Filter>
    </ClInclude>
    <ClInclude Include="src\scene2D.h">
      <Filter>ヘッダー ファイル\scene</Filter>
    </ClInclude>
    <ClInclude Include="src\xa2Core.h">
      <Filter>ヘッダー ファイル\xa2</Filter>
    </ClInclude>
    <ClInclude Include="src\xa2Listener.h">
      <Filter>ヘッダー ファイル\xa2</Filter>
    </ClInclude>
    <ClInclude Include="src\xa2LoadWave.h">
      <Filter>ヘッダー ファイル\xa2</Filter>
    </ClInclude>
    <ClInclude Include="src\xa2Manager.h">
      <Filter>ヘッダー ファイル\xa2</Filter>
    </ClInclude>
    <ClInclude Include="src\xa2MasteringVoice.h">
      <Filter>ヘッダー ファイル\xa2</Filter>
    </ClInclude>
    <ClInclude Include="src\xa2SoundResourceManager.h">
      <Filter>ヘッダー ファイル\xa2</Filter>
    </ClInclude>
    <ClInclude Include="src\xa2SourceVoice2D.h">
      <Filter>ヘッダー ファイル\xa2</Filter>
    </ClInclude>
    <ClInclude Include="src\xa2SourceVoice3D.h">
      <Filter>ヘッダー ファイル\xa2</Filter>
    </ClInclude>
    <ClInclude Include="src\xa2SourceVoiceInterface.h">
      <Filter>ヘッダー ファイル\xa2</Filter>
    </ClInclude>
    <ClInclude Include="src\xa2SourceVoiceManager.h">
      <Filter>ヘッダー ファイル\xa2</Filter>
    </ClInclude>
    <ClInclude Include="src\sceneXModelListener.h">
      <Filter>ヘッダー ファイル\scene</Filter>
    </ClInclude>
    <ClInclude Include="src\xa2OggDecoder.h">
      <Filter>ヘッダー ファイル\xa2</Filter>
    </ClInclude>
  </ItemGroup>
  <ItemGroup>
    <ClCompile Include="src\camera.cpp">
      <Filter>ソース ファイル</Filter>
    </ClCompile>
    <ClCompile Include="src\Light.cpp">
      <Filter>ソース ファイル</Filter>
    </ClCompile>
    <ClCompile Include="src\main.cpp">
      <Filter>ソース ファイル</Filter>
    </ClCompile>
    <ClCompile Include="src\renderer.cpp">
      <Filter>ソース ファイル</Filter>
    </ClCompile>
    <ClCompile Include="src\input.cpp">
      <Filter>ソース ファイル\input</Filter>
    </ClCompile>
    <ClCompile Include="src\inputKeyboard.cpp">
      <Filter>ソース ファイル\input</Filter>
    </ClCompile>
    <ClCompile Include="src\inputMouse.cpp">
      <Filter>ソース ファイル\input</Filter>
    </ClCompile>
    <ClCompile Include="src\inputXInput.cpp">
      <Filter>ソース ファイル\input</Filter>
    </ClCompile>
    <ClCompile Include="src\scene.cpp">
      <Filter>ソース ファイル\scene</Filter>
    </ClCompile>
    <ClCompile Include="src\scene3D.cpp">
      <Filter>ソース ファイル\scene</Filter>
    </ClCompile>
    <ClCompile Include="src\sceneBox.cpp">
      <Filter>ソース ファイル\scene</Filter>
    </ClCompile>
    <ClCompile Include="src\scene3DPoly.cpp">
      <Filter>ソース ファイル\scene</Filter>
    </ClCompile>
    <ClCompile Include="src\sceneXModel.cpp">
      <Filter>ソース ファイル\scene</Filter>
    </ClCompile>
    <ClCompile Include="src\manager.cpp">
      <Filter>ソース ファイル\manager</Filter>
    </ClCompile>
    <ClCompile Include="src\modelManager.cpp">
      <Filter>ソース ファイル\manager</Filter>
    </ClCompile>
    <ClCompile Include="src\texManager.cpp">
      <Filter>ソース ファイル\manager</Filter>
    </ClCompile>
    <ClCompile Include="src\mainController.cpp">
      <Filter>ソース ファイル\manager</Filter>
    </ClCompile>
    <ClCompile Include="src\XModelLoader.cpp">
      <Filter>ソース ファイル\Loader</Filter>
    </ClCompile>
    <ClCompile Include="src\WMath.cpp">
      <Filter>ソース ファイル\W</Filter>
    </ClCompile>
    <ClCompile Include="src\utility.cpp">
      <Filter>ソース ファイル\W</Filter>
    </ClCompile>
    <ClCompile Include="src\scene2D.cpp">
      <Filter>ソース ファイル\scene</Filter>
    </ClCompile>
    <ClCompile Include="src\xa2Core.cpp">
      <Filter>ソース ファイル\xa2</Filter>
    </ClCompile>
    <ClCompile Include="src\xa2Listener.cpp">
      <Filter>ソース ファイル\xa2</Filter>
    </ClCompile>
    <ClCompile Include="src\xa2LoadWave.cpp">
      <Filter>ソース ファイル\xa2</Filter>
    </ClCompile>
    <ClCompile Include="src\xa2Manager.cpp">
      <Filter>ソース ファイル\xa2</Filter>
    </ClCompile>
    <ClCompile Include="src\xa2MasteringVoice.cpp">
      <Filter>ソース ファイル\xa2</Filter>
    </ClCompile>
    <ClCompile Include="src\xa2SoundResourceManager.cpp">
      <Filter>ソース ファイル\xa2</Filter>
    </ClCompile>
    <ClCompile Include="src\xa2SourceVoice2D.cpp">
      <Filter>ソース ファイル\xa2</Filter>
    </ClCompile>
    <ClCompile Include="src\xa2SourceVoice3D.cpp">
      <Filter>ソース ファイル\xa2</Filter>
    </ClCompile>
    <ClCompile Include="src\xa2SourceVoiceInterface.cpp">
      <Filter>ソース ファイル\xa2</Filter>
    </ClCompile>
    <ClCompile Include="src\xa2SourceVoiceManager.cpp">
      <Filter>ソース ファイル\xa2</Filter>
    </ClCompile>
    <ClCompile Include="src\sceneXModelListener.cpp">
      <Filter>ソース ファイル\scene</Filter>
    </ClCompile>
    <ClCompile Include="src\xa2OggDecoder.cpp">
      <Filter>ソース ファイル\xa2</Filter>
    </ClCompile>
  </ItemGroup>
  <ItemGroup>
    <FxCompile Include="data\SHADER\ps.hlsl">
      <Filter>リソース ファイル\shader</Filter>
    </FxCompile>
    <FxCompile Include="data\SHADER\psTex.hlsl">
      <Filter>リソース ファイル\shader</Filter>
    </FxCompile>
    <FxCompile Include="data\SHADER\vs2D.hlsl">
      <Filter>リソース ファイル\shader</Filter>
    </FxCompile>
    <FxCompile Include="data\SHADER\vs3D.hlsl">
      <Filter>リソース ファイル\shader</Filter>
    </FxCompile>
    <FxCompile Include="data\SHADER\ps2DTex.hlsl">
      <Filter>リソース ファイル\shader</Filter>
    </FxCompile>
  </ItemGroup>
</Project>